
Microsoft Visual Studio Solution File, Format Version 12.00
# Visual Studio Version 17
Project("{8BC9CEB8-8B4A-11D0-8D11-00A0C91BC942}") = "ALL_BUILD", "ALL_BUILD.vcxproj", "{7622B0B9-A94B-3250-88DF-E7EEF373DD00}"
	ProjectSection(ProjectDependencies) = postProject
		{5D4C1268-6A7D-366D-AA81-53047008212B} = {5D4C1268-6A7D-366D-AA81-53047008212B}
		{72A5C46A-A606-3C17-BFB9-019910FEAF0D} = {72A5C46A-A606-3C17-BFB9-019910FEAF0D}
		{6FC2C2F9-E8C2-3D53-A57F-E95D294A4957} = {6FC2C2F9-E8C2-3D53-A57F-E95D294A4957}
		{59DD6095-93DF-3949-83A5-7545C8999081} = {59DD6095-93DF-3949-83A5-7545C8999081}
	EndProjectSection
EndProject
Project("{8BC9CEB8-8B4A-11D0-8D11-00A0C91BC942}") = "INSTALL", "INSTALL.vcxproj", "{3A9894D2-4D36-3FB4-9257-29854F1BBEBF}"
	ProjectSection(ProjectDependencies) = postProject
		{7622B0B9-A94B-3250-88DF-E7EEF373DD00} = {7622B0B9-A94B-3250-88DF-E7EEF373DD00}
		{5D4C1268-6A7D-366D-AA81-53047008212B} = {5D4C1268-6A7D-366D-AA81-53047008212B}
	EndProjectSection
EndProject
Project("{8BC9CEB8-8B4A-11D0-8D11-00A0C91BC942}") = "ZERO_CHECK", "ZERO_CHECK.vcxproj", "{5D4C1268-6A7D-366D-AA81-53047008212B}"
	ProjectSection(ProjectDependencies) = postProject
	EndProjectSection
EndProject
Project("{8BC9CEB8-8B4A-11D0-8D11-00A0C91BC942}") = "disso_app", "runner\disso_app.vcxproj", "{72A5C46A-A606-3C17-BFB9-019910FEAF0D}"
	ProjectSection(ProjectDependencies) = postProject
		{5D4C1268-6A7D-366D-AA81-53047008212B} = {5D4C1268-6A7D-366D-AA81-53047008212B}
		{A01F07F9-3CD8-33CF-AC45-AEEE54A95604} = {A01F07F9-3CD8-33CF-AC45-AEEE54A95604}
		{6FC2C2F9-E8C2-3D53-A57F-E95D294A4957} = {6FC2C2F9-E8C2-3D53-A57F-E95D294A4957}
	EndProjectSection
EndProject
Project("{8BC9CEB8-8B4A-11D0-8D11-00A0C91BC942}") = "flutter_assemble", "flutter\flutter_assemble.vcxproj", "{A01F07F9-3CD8-33CF-AC45-AEEE54A95604}"
	ProjectSection(ProjectDependencies) = postProject
		{5D4C1268-6A7D-366D-AA81-53047008212B} = {5D4C1268-6A7D-366D-AA81-53047008212B}
	EndProjectSection
EndProject
Project("{8BC9CEB8-8B4A-11D0-8D11-00A0C91BC942}") = "flutter_wrapper_app", "flutter\flutter_wrapper_app.vcxproj", "{6FC2C2F9-E8C2-3D53-A57F-E95D294A4957}"
	ProjectSection(ProjectDependencies) = postProject
		{5D4C1268-6A7D-366D-AA81-53047008212B} = {5D4C1268-6A7D-366D-AA81-53047008212B}
		{A01F07F9-3CD8-33CF-AC45-AEEE54A95604} = {A01F07F9-3CD8-33CF-AC45-AEEE54A95604}
	EndProjectSection
EndProject
Project("{8BC9CEB8-8B4A-11D0-8D11-00A0C91BC942}") = "flutter_wrapper_plugin", "flutter\flutter_wrapper_plugin.vcxproj", "{59DD6095-93DF-3949-83A5-7545C8999081}"
	ProjectSection(ProjectDependencies) = postProject
		{5D4C1268-6A7D-366D-AA81-53047008212B} = {5D4C1268-6A7D-366D-AA81-53047008212B}
		{A01F07F9-3CD8-33CF-AC45-AEEE54A95604} = {A01F07F9-3CD8-33CF-AC45-AEEE54A95604}
	EndProjectSection
EndProject
Global
	GlobalSection(SolutionConfigurationPlatforms) = preSolution
		Debug|x64 = Debug|x64
		Profile|x64 = Profile|x64
		Release|x64 = Release|x64
	EndGlobalSection
	GlobalSection(ProjectConfigurationPlatforms) = postSolution
		{7622B0B9-A94B-3250-88DF-E7EEF373DD00}.Debug|x64.ActiveCfg = Debug|x64
		{7622B0B9-A94B-3250-88DF-E7EEF373DD00}.Debug|x64.Build.0 = Debug|x64
		{7622B0B9-A94B-3250-88DF-E7EEF373DD00}.Profile|x64.ActiveCfg = Profile|x64
		{7622B0B9-A94B-3250-88DF-E7EEF373DD00}.Profile|x64.Build.0 = Profile|x64
		{7622B0B9-A94B-3250-88DF-E7EEF373DD00}.Release|x64.ActiveCfg = Release|x64
		{7622B0B9-A94B-3250-88DF-E7EEF373DD00}.Release|x64.Build.0 = Release|x64
		{3A9894D2-4D36-3FB4-9257-29854F1BBEBF}.Debug|x64.ActiveCfg = Debug|x64
		{3A9894D2-4D36-3FB4-9257-29854F1BBEBF}.Debug|x64.Build.0 = Debug|x64
		{3A9894D2-4D36-3FB4-9257-29854F1BBEBF}.Profile|x64.ActiveCfg = Profile|x64
		{3A9894D2-4D36-3FB4-9257-29854F1BBEBF}.Profile|x64.Build.0 = Profile|x64
		{3A9894D2-4D36-3FB4-9257-29854F1BBEBF}.Release|x64.ActiveCfg = Release|x64
		{3A9894D2-4D36-3FB4-9257-29854F1BBEBF}.Release|x64.Build.0 = Release|x64
		{5D4C1268-6A7D-366D-AA81-53047008212B}.Debug|x64.ActiveCfg = Debug|x64
		{5D4C1268-6A7D-366D-AA81-53047008212B}.Debug|x64.Build.0 = Debug|x64
		{5D4C1268-6A7D-366D-AA81-53047008212B}.Profile|x64.ActiveCfg = Profile|x64
		{5D4C1268-6A7D-366D-AA81-53047008212B}.Profile|x64.Build.0 = Profile|x64
		{5D4C1268-6A7D-366D-AA81-53047008212B}.Release|x64.ActiveCfg = Release|x64
		{5D4C1268-6A7D-366D-AA81-53047008212B}.Release|x64.Build.0 = Release|x64
		{72A5C46A-A606-3C17-BFB9-019910FEAF0D}.Debug|x64.ActiveCfg = Debug|x64
		{72A5C46A-A606-3C17-BFB9-019910FEAF0D}.Debug|x64.Build.0 = Debug|x64
		{72A5C46A-A606-3C17-BFB9-019910FEAF0D}.Profile|x64.ActiveCfg = Profile|x64
		{72A5C46A-A606-3C17-BFB9-019910FEAF0D}.Profile|x64.Build.0 = Profile|x64
		{72A5C46A-A606-3C17-BFB9-019910FEAF0D}.Release|x64.ActiveCfg = Release|x64
		{72A5C46A-A606-3C17-BFB9-019910FEAF0D}.Release|x64.Build.0 = Release|x64
		{A01F07F9-3CD8-33CF-AC45-AEEE54A95604}.Debug|x64.ActiveCfg = Debug|x64
		{A01F07F9-3CD8-33CF-AC45-AEEE54A95604}.Debug|x64.Build.0 = Debug|x64
		{A01F07F9-3CD8-33CF-AC45-AEEE54A95604}.Profile|x64.ActiveCfg = Profile|x64
		{A01F07F9-3CD8-33CF-AC45-AEEE54A95604}.Profile|x64.Build.0 = Profile|x64
		{A01F07F9-3CD8-33CF-AC45-AEEE54A95604}.Release|x64.ActiveCfg = Release|x64
		{A01F07F9-3CD8-33CF-AC45-AEEE54A95604}.Release|x64.Build.0 = Release|x64
		{6FC2C2F9-E8C2-3D53-A57F-E95D294A4957}.Debug|x64.ActiveCfg = Debug|x64
		{6FC2C2F9-E8C2-3D53-A57F-E95D294A4957}.Debug|x64.Build.0 = Debug|x64
		{6FC2C2F9-E8C2-3D53-A57F-E95D294A4957}.Profile|x64.ActiveCfg = Profile|x64
		{6FC2C2F9-E8C2-3D53-A57F-E95D294A4957}.Profile|x64.Build.0 = Profile|x64
		{6FC2C2F9-E8C2-3D53-A57F-E95D294A4957}.Release|x64.ActiveCfg = Release|x64
		{6FC2C2F9-E8C2-3D53-A57F-E95D294A4957}.Release|x64.Build.0 = Release|x64
		{59DD6095-93DF-3949-83A5-7545C8999081}.Debug|x64.ActiveCfg = Debug|x64
		{59DD6095-93DF-3949-83A5-7545C8999081}.Debug|x64.Build.0 = Debug|x64
		{59DD6095-93DF-3949-83A5-7545C8999081}.Profile|x64.ActiveCfg = Profile|x64
		{59DD6095-93DF-3949-83A5-7545C8999081}.Profile|x64.Build.0 = Profile|x64
		{59DD6095-93DF-3949-83A5-7545C8999081}.Release|x64.ActiveCfg = Release|x64
		{59DD6095-93DF-3949-83A5-7545C8999081}.Release|x64.Build.0 = Release|x64
	EndGlobalSection
	GlobalSection(ExtensibilityGlobals) = postSolution
		SolutionGuid = {F0903340-0FE8-3301-B566-A5961B24C181}
	EndGlobalSection
	GlobalSection(ExtensibilityAddIns) = postSolution
	EndGlobalSection
EndGlobal
